// !$*UTF8*$!
{
	archiveVersion = 1;
	classes = {
	};
	objectVersion = 50;
	objects = {

/* Begin PBXBuildFile section */
		C904B85924A3C0E100760235 /* AppDelegate.swift in Sources */ = {isa = PBXBuildFile; fileRef = C904B85824A3C0E100760235 /* AppDelegate.swift */; };
		C904B85B24A3C0E100760235 /* SceneDelegate.swift in Sources */ = {isa = PBXBuildFile; fileRef = C904B85A24A3C0E100760235 /* SceneDelegate.swift */; };
		C904B85D24A3C0E100760235 /* ContentView.swift in Sources */ = {isa = PBXBuildFile; fileRef = C904B85C24A3C0E100760235 /* ContentView.swift */; };
		C904B85F24A3C0E700760235 /* Assets.xcassets in Resources */ = {isa = PBXBuildFile; fileRef = C904B85E24A3C0E700760235 /* Assets.xcassets */; };
		C904B86224A3C0E700760235 /* Preview Assets.xcassets in Resources */ = {isa = PBXBuildFile; fileRef = C904B86124A3C0E700760235 /* Preview Assets.xcassets */; };
		C904B86524A3C0E700760235 /* LaunchScreen.storyboard in Resources */ = {isa = PBXBuildFile; fileRef = C904B86324A3C0E700760235 /* LaunchScreen.storyboard */; };
		C904B86D24A3C16300760235 /* sampleData.json in Resources */ = {isa = PBXBuildFile; fileRef = C904B86C24A3C16300760235 /* sampleData.json */; };
/* End PBXBuildFile section */

/* Begin PBXFileReference section */
		C904B85524A3C0E100760235 /* SunshineIndex.app */ = {isa = PBXFileReference; explicitFileType = wrapper.application; includeInIndex = 0; path = SunshineIndex.app; sourceTree = BUILT_PRODUCTS_DIR; };
		C904B85824A3C0E100760235 /* AppDelegate.swift */ = {isa = PBXFileReference; lastKnownFileType = sourcecode.swift; path = AppDelegate.swift; sourceTree = "<group>"; };
		C904B85A24A3C0E100760235 /* SceneDelegate.swift */ = {isa = PBXFileReference; lastKnownFileType = sourcecode.swift; path = SceneDelegate.swift; sourceTree = "<group>"; };
		C904B85C24A3C0E100760235 /* ContentView.swift */ = {isa = PBXFileReference; lastKnownFileType = sourcecode.swift; path = ContentView.swift; sourceTree = "<group>"; };
		C904B85E24A3C0E700760235 /* Assets.xcassets */ = {isa = PBXFileReference; lastKnownFileType = folder.assetcatalog; path = Assets.xcassets; sourceTree = "<group>"; };
		C904B86124A3C0E700760235 /* Preview Assets.xcassets */ = {isa = PBXFileReference; lastKnownFileType = folder.assetcatalog; path = "Preview Assets.xcassets"; sourceTree = "<group>"; };
		C904B86424A3C0E700760235 /* Base */ = {isa = PBXFileReference; lastKnownFileType = file.storyboard; name = Base; path = Base.lproj/LaunchScreen.storyboard; sourceTree = "<group>"; };
		C904B86624A3C0E700760235 /* Info.plist */ = {isa = PBXFileReference; lastKnownFileType = text.plist.xml; path = Info.plist; sourceTree = "<group>"; };
		C904B86C24A3C16300760235 /* sampleData.json */ = {isa = PBXFileReference; fileEncoding = 4; lastKnownFileType = text.json; path = sampleData.json; sourceTree = "<group>"; };
/* End PBXFileReference section */

/* Begin PBXFrameworksBuildPhase section */
		C904B85224A3C0E100760235 /* Frameworks */ = {
			isa = PBXFrameworksBuildPhase;
			buildActionMask = 2147483647;
			files = (
			);
			runOnlyForDeploymentPostprocessing = 0;
		};
/* End PBXFrameworksBuildPhase section */

/* Begin PBXGroup section */
		C904B84C24A3C0E100760235 = {
			isa = PBXGroup;
			children = (
				C904B85724A3C0E100760235 /* SunshineIndex */,
				C904B85624A3C0E100760235 /* Products */,
			);
			sourceTree = "<group>";
		};
		C904B85624A3C0E100760235 /* Products */ = {
			isa = PBXGroup;
			children = (
				C904B85524A3C0E100760235 /* SunshineIndex.app */,
			);
			name = Products;
			sourceTree = "<group>";
		};
		C904B85724A3C0E100760235 /* SunshineIndex */ = {
			isa = PBXGroup;
			children = (
				C904B85824A3C0E100760235 /* AppDelegate.swift */,
				C904B85A24A3C0E100760235 /* SceneDelegate.swift */,
				C904B85C24A3C0E100760235 /* ContentView.swift */,
				C904B85E24A3C0E700760235 /* Assets.xcassets */,
				C904B86324A3C0E700760235 /* LaunchScreen.storyboard */,
				C904B86624A3C0E700760235 /* Info.plist */,
				C904B86C24A3C16300760235 /* sampleData.json */,
				C904B86024A3C0E700760235 /* Preview Content */,
			);
			path = SunshineIndex;
			sourceTree = "<group>";
		};
		C904B86024A3C0E700760235 /* Preview Content */ = {
			isa = PBXGroup;
			children = (
				C904B86124A3C0E700760235 /* Preview Assets.xcassets */,
			);
			path = "Preview Content";
			sourceTree = "<group>";
		};
/* End PBXGroup section */

/* Begin PBXNativeTarget section */
		C904B85424A3C0E100760235 /* SunshineIndex */ = {
			isa = PBXNativeTarget;
			buildConfigurationList = C904B86924A3C0E700760235 /* Build configuration list for PBXNativeTarget "SunshineIndex" */;
			buildPhases = (
				C904B85124A3C0E100760235 /* Sources */,
				C904B85224A3C0E100760235 /* Frameworks */,
				C904B85324A3C0E100760235 /* Resources */,
			);
			buildRules = (
			);
			dependencies = (
			);
			name = SunshineIndex;
			productName = SunshineIndex;
			productReference = C904B85524A3C0E100760235 /* SunshineIndex.app */;
			productType = "com.apple.product-type.application";
		};
/* End PBXNativeTarget section */

/* Begin PBXProject section */
		C904B84D24A3C0E100760235 /* Project object */ = {
			isa = PBXProject;
			attributes = {
				LastSwiftUpdateCheck = 1150;
				LastUpgradeCheck = 1150;
				ORGANIZATIONNAME = "Brent Irwin";
				TargetAttributes = {
					C904B85424A3C0E100760235 = {
						CreatedOnToolsVersion = 11.5;
					};
				};
			};
			buildConfigurationList = C904B85024A3C0E100760235 /* Build configuration list for PBXProject "SunshineIndex" */;
			compatibilityVersion = "Xcode 9.3";
			developmentRegion = en;
			hasScannedForEncodings = 0;
			knownRegions = (
				en,
				Base,
			);
			mainGroup = C904B84C24A3C0E100760235;
			productRefGroup = C904B85624A3C0E100760235 /* Products */;
			projectDirPath = "";
			projectRoot = "";
			targets = (
				C904B85424A3C0E100760235 /* SunshineIndex */,
			);
		};
/* End PBXProject section */

/* Begin PBXResourcesBuildPhase section */
		C904B85324A3C0E100760235 /* Resources */ = {
			isa = PBXResourcesBuildPhase;
			buildActionMask = 2147483647;
			files = (
				C904B86524A3C0E700760235 /* LaunchScreen.storyboard in Resources */,
				C904B86224A3C0E700760235 /* Preview Assets.xcassets in Resources */,
				C904B85F24A3C0E700760235 /* Assets.xcassets in Resources */,
				C904B86D24A3C16300760235 /* sampleData.json in Resources */,
			);
			runOnlyForDeploymentPostprocessing = 0;
		};
/* End PBXResourcesBuildPhase section */

/* Begin PBXSourcesBuildPhase section */
		C904B85124A3C0E100760235 /* Sources */ = {
			isa = PBXSourcesBuildPhase;
			buildActionMask = 2147483647;
			files = (
				C904B85924A3C0E100760235 /* AppDelegate.swift in Sources */,
				C904B85B24A3C0E100760235 /* SceneDelegate.swift in Sources */,
				C904B85D24A3C0E100760235 /* ContentView.swift in Sources */,
			);
			runOnlyForDeploymentPostprocessing = 0;
		};
/* End PBXSourcesBuildPhase section */

/* Begin PBXVariantGroup section */
		C904B86324A3C0E700760235 /* LaunchScreen.storyboard */ = {
			isa = PBXVariantGroup;
			children = (
				C904B86424A3C0E700760235 /* Base */,
			);
			name = LaunchScreen.storyboard;
			sourceTree = "<group>";
		};
/* End PBXVariantGroup section */

/* Begin XCBuildConfiguration section */
		C904B86724A3C0E700760235 /* Debug */ = {
			isa = XCBuildConfiguration;
			buildSettings = {
				ALWAYS_SEARCH_USER_PATHS = NO;
				CLANG_ANALYZER_NONNULL = YES;
				CLANG_ANALYZER_NUMBER_OBJECT_CONVERSION = YES_AGGRESSIVE;
				CLANG_CXX_LANGUAGE_STANDARD = "gnu++14";
				CLANG_CXX_LIBRARY = "libc++";
				CLANG_ENABLE_MODULES = YES;
				CLANG_ENABLE_OBJC_ARC = YES;
				CLANG_ENABLE_OBJC_WEAK = YES;
				CLANG_WARN_BLOCK_CAPTURE_AUTORELEASING = YES;
				CLANG_WARN_BOOL_CONVERSION = YES;
				CLANG_WARN_COMMA = YES;
				CLANG_WARN_CONSTANT_CONVERSION = YES;
				CLANG_WARN_DEPRECATED_OBJC_IMPLEMENTATIONS = YES;
				CLANG_WARN_DIRECT_OBJC_ISA_USAGE = YES_ERROR;
				CLANG_WARN_DOCUMENTATION_COMMENTS = YES;
				CLANG_WARN_EMPTY_BODY = YES;
				CLANG_WARN_ENUM_CONVERSION = YES;
				CLANG_WARN_INFINITE_RECURSION = YES;
				CLANG_WARN_INT_CONVERSION = YES;
				CLANG_WARN_NON_LITERAL_NULL_CONVERSION = YES;
				CLANG_WARN_OBJC_IMPLICIT_RETAIN_SELF = YES;
				CLANG_WARN_OBJC_LITERAL_CONVERSION = YES;
				CLANG_WARN_OBJC_ROOT_CLASS = YES_ERROR;
				CLANG_WARN_RANGE_LOOP_ANALYSIS = YES;
				CLANG_WARN_STRICT_PROTOTYPES = YES;
				CLANG_WARN_SUSPICIOUS_MOVE = YES;
				CLANG_WARN_UNGUARDED_AVAILABILITY = YES_AGGRESSIVE;
				CLANG_WARN_UNREACHABLE_CODE = YES;
				CLANG_WARN__DUPLICATE_METHOD_MATCH = YES;
				COPY_PHASE_STRIP = NO;
				DEBUG_INFORMATION_FORMAT = dwarf;
				ENABLE_STRICT_OBJC_MSGSEND = YES;
				ENABLE_TESTABILITY = YES;
				GCC_C_LANGUAGE_STANDARD = gnu11;
				GCC_DYNAMIC_NO_PIC = NO;
				GCC_NO_COMMON_BLOCKS = YES;
				GCC_OPTIMIZATION_LEVEL = 0;
				GCC_PREPROCESSOR_DEFINITIONS = (
					"DEBUG=1",
					"$(inherited)",
				);
				GCC_WARN_64_TO_32_BIT_CONVERSION = YES;
				GCC_WARN_ABOUT_RETURN_TYPE = YES_ERROR;
				GCC_WARN_UNDECLARED_SELECTOR = YES;
				GCC_WARN_UNINITIALIZED_AUTOS = YES_AGGRESSIVE;
				GCC_WARN_UNUSED_FUNCTION = YES;
				GCC_WARN_UNUSED_VARIABLE = YES;
				IPHONEOS_DEPLOYMENT_TARGET = 13.5;
				MTL_ENABLE_DEBUG_INFO = INCLUDE_SOURCE;
				MTL_FAST_MATH = YES;
				ONLY_ACTIVE_ARCH = YES;
				SDKROOT = iphoneos;
				SWIFT_ACTIVE_COMPILATION_CONDITIONS = DEBUG;
				SWIFT_OPTIMIZATION_LEVEL = "-Onone";
			};
			name = Debug;
		};
		C904B86824A3C0E700760235 /* Release */ = {
			isa = XCBuildConfiguration;
			buildSettings = {
				ALWAYS_SEARCH_USER_PATHS = NO;
				CLANG_ANALYZER_NONNULL = YES;
				CLANG_ANALYZER_NUMBER_OBJECT_CONVERSION = YES_AGGRESSIVE;
				CLANG_CXX_LANGUAGE_STANDARD = "gnu++14";
				CLANG_CXX_LIBRARY = "libc++";
				CLANG_ENABLE_MODULES = YES;
				CLANG_ENABLE_OBJC_ARC = YES;
				CLANG_ENABLE_OBJC_WEAK = YES;
				CLANG_WARN_BLOCK_CAPTURE_AUTORELEASING = YES;
				CLANG_WARN_BOOL_CONVERSION = YES;
				CLANG_WARN_COMMA = YES;
				CLANG_WARN_CONSTANT_CONVERSION = YES;
				CLANG_WARN_DEPRECATED_OBJC_IMPLEMENTATIONS = YES;
				CLANG_WARN_DIRECT_OBJC_ISA_USAGE = YES_ERROR;
				CLANG_WARN_DOCUMENTATION_COMMENTS = YES;
				CLANG_WARN_EMPTY_BODY = YES;
				CLANG_WARN_ENUM_CONVERSION = YES;
				CLANG_WARN_INFINITE_RECURSION = YES;
				CLANG_WARN_INT_CONVERSION = YES;
				CLANG_WARN_NON_LITERAL_NULL_CONVERSION = YES;
				CLANG_WARN_OBJC_IMPLICIT_RETAIN_SELF = YES;
				CLANG_WARN_OBJC_LITERAL_CONVERSION = YES;
				CLANG_WARN_OBJC_ROOT_CLASS = YES_ERROR;
				CLANG_WARN_RANGE_LOOP_ANALYSIS = YES;
				CLANG_WARN_STRICT_PROTOTYPES = YES;
				CLANG_WARN_SUSPICIOUS_MOVE = YES;
				CLANG_WARN_UNGUARDED_AVAILABILITY = YES_AGGRESSIVE;
				CLANG_WARN_UNREACHABLE_CODE = YES;
				CLANG_WARN__DUPLICATE_METHOD_MATCH = YES;
				COPY_PHASE_STRIP = NO;
				DEBUG_INFORMATION_FORMAT = "dwarf-with-dsym";
				ENABLE_NS_ASSERTIONS = NO;
				ENABLE_STRICT_OBJC_MSGSEND = YES;
				GCC_C_LANGUAGE_STANDARD = gnu11;
				GCC_NO_COMMON_BLOCKS = YES;
				GCC_WARN_64_TO_32_BIT_CONVERSION = YES;
				GCC_WARN_ABOUT_RETURN_TYPE = YES_ERROR;
				GCC_WARN_UNDECLARED_SELECTOR = YES;
				GCC_WARN_UNINITIALIZED_AUTOS = YES_AGGRESSIVE;
				GCC_WARN_UNUSED_FUNCTION = YES;
				GCC_WARN_UNUSED_VARIABLE = YES;
				IPHONEOS_DEPLOYMENT_TARGET = 13.5;
				MTL_ENABLE_DEBUG_INFO = NO;
				MTL_FAST_MATH = YES;
				SDKROOT = iphoneos;
				SWIFT_COMPILATION_MODE = wholemodule;
				SWIFT_OPTIMIZATION_LEVEL = "-O";
				VALIDATE_PRODUCT = YES;
			};
			name = Release;
		};
		C904B86A24A3C0E700760235 /* Debug */ = {
			isa = XCBuildConfiguration;
			buildSettings = {
				ASSETCATALOG_COMPILER_APPICON_NAME = AppIcon;
				CODE_SIGN_STYLE = Automatic;
				DEVELOPMENT_ASSET_PATHS = "\"SunshineIndex/Preview Content\"";
				ENABLE_PREVIEWS = YES;
				INFOPLIST_FILE = SunshineIndex/Info.plist;
				LD_RUNPATH_SEARCH_PATHS = (
					"$(inherited)",
					"@executable_path/Frameworks",
				);
				PRODUCT_BUNDLE_IDENTIFIER = com.brentopedia.SunshineIndex;
				PRODUCT_NAME = "$(TARGET_NAME)";
				SWIFT_VERSION = 5.0;
				TARGETED_DEVICE_FAMILY = "1,2";
			};
			name = Debug;
		};
		C904B86B24A3C0E700760235 /* Release */ = {
			isa = XCBuildConfiguration;
			buildSettings = {
				ASSETCATALOG_COMPILER_APPICON_NAME = AppIcon;
				CODE_SIGN_STYLE = Automatic;
				DEVELOPMENT_ASSET_PATHS = "\"SunshineIndex/Preview Content\"";
				ENABLE_PREVIEWS = YES;
				INFOPLIST_FILE = SunshineIndex/Info.plist;
				LD_RUNPATH_SEARCH_PATHS = (
					"$(inherited)",
					"@executable_path/Frameworks",
				);
				PRODUCT_BUNDLE_IDENTIFIER = com.brentopedia.SunshineIndex;
				PRODUCT_NAME = "$(TARGET_NAME)";
				SWIFT_VERSION = 5.0;
				TARGETED_DEVICE_FAMILY = "1,2";
			};
			name = Release;
		};
/* End XCBuildConfiguration section */

/* Begin XCConfigurationList section */
		C904B85024A3C0E100760235 /* Build configuration list for PBXProject "SunshineIndex" */ = {
			isa = XCConfigurationList;
			buildConfigurations = (
				C904B86724A3C0E700760235 /* Debug */,
				C904B86824A3C0E700760235 /* Release */,
			);
			defaultConfigurationIsVisible = 0;
			defaultConfigurationName = Release;
		};
		C904B86924A3C0E700760235 /* Build configuration list for PBXNativeTarget "SunshineIndex" */ = {
			isa = XCConfigurationList;
			buildConfigurations = (
				C904B86A24A3C0E700760235 /* Debug */,
				C904B86B24A3C0E700760235 /* Release */,
			);
			defaultConfigurationIsVisible = 0;
			defaultConfigurationName = Release;
		};
/* End XCConfigurationList section */
	};
	rootObject = C904B84D24A3C0E100760235 /* Project object */;
}
